<?xml version="1.0" encoding="utf-8"?>
<Project ToolsVersion="4.0" xmlns="http://schemas.microsoft.com/developer/msbuild/2003">
  <ItemGroup>
    <Filter Include="ソース ファイル">
      <UniqueIdentifier>{4FC737F1-C7A5-4376-A066-2A32D752A2FF}</UniqueIdentifier>
      <Extensions>cpp;c;cc;cxx;def;odl;idl;hpj;bat;asm;asmx</Extensions>
    </Filter>
    <Filter Include="ヘッダー ファイル">
      <UniqueIdentifier>{93995380-89BD-4b04-88EB-625FBE52EBFB}</UniqueIdentifier>
      <Extensions>h;hh;hpp;hxx;hm;inl;inc;ipp;xsd</Extensions>
    </Filter>
    <Filter Include="リソース ファイル">
      <UniqueIdentifier>{67DA6AB6-F800-4c08-8B7A-83BB121AAD01}</UniqueIdentifier>
      <Extensions>rc;ico;cur;bmp;dlg;rc2;rct;bin;rgs;gif;jpg;jpeg;jpe;resx;tiff;tif;png;wav;mfcribbon-ms</Extensions>
    </Filter>
    <Filter Include="include">
      <UniqueIdentifier>{1ccac3fd-93c2-499a-adae-7dc3d0fd9384}</UniqueIdentifier>
    </Filter>
    <Filter Include="include\opencv">
      <UniqueIdentifier>{d78b1c57-e07f-44dd-b304-110359117d7d}</UniqueIdentifier>
    </Filter>
    <Filter Include="include\opencv2">
      <UniqueIdentifier>{f99dfc86-af8f-454f-9f8c-11c3bcfe4b1e}</UniqueIdentifier>
    </Filter>
    <Filter Include="include\opencv2\xphoto">
      <UniqueIdentifier>{7e476edb-0e8b-4164-a8c1-58a90f2fa22a}</UniqueIdentifier>
    </Filter>
    <Filter Include="include\opencv2\ximgproc">
      <UniqueIdentifier>{111a15ac-6ebb-49ce-995d-3aa4ac57a000}</UniqueIdentifier>
    </Filter>
    <Filter Include="include\opencv2\xfeatures2d">
      <UniqueIdentifier>{cc5a84c1-12e4-4441-8ad1-fcdbb3ec959a}</UniqueIdentifier>
    </Filter>
    <Filter Include="include\opencv2\video">
      <UniqueIdentifier>{0172dc86-2e5a-476a-8681-135e305f13bf}</UniqueIdentifier>
    </Filter>
    <Filter Include="include\opencv2\videostab">
      <UniqueIdentifier>{5dbd1029-0c27-413e-bc1f-9f90b043fd98}</UniqueIdentifier>
    </Filter>
    <Filter Include="include\opencv2\videoio">
      <UniqueIdentifier>{ae23a658-8f1c-4d03-9935-e550c5d74fef}</UniqueIdentifier>
    </Filter>
    <Filter Include="include\opencv2\tracking">
      <UniqueIdentifier>{8281c6ea-e1de-4629-bb86-c78095ddba66}</UniqueIdentifier>
    </Filter>
    <Filter Include="include\opencv2\text">
      <UniqueIdentifier>{13c200ed-4076-4ed2-9639-e4c56b59771b}</UniqueIdentifier>
    </Filter>
    <Filter Include="include\opencv2\surface_matching">
      <UniqueIdentifier>{141dd7b7-480d-444f-9365-9d38b73de0ae}</UniqueIdentifier>
    </Filter>
    <Filter Include="include\opencv2\structured_light">
      <UniqueIdentifier>{1a1da71d-b6ae-45b4-ac9c-0abbf699782b}</UniqueIdentifier>
    </Filter>
    <Filter Include="include\opencv2\stitching">
      <UniqueIdentifier>{57a594d5-150d-4bf3-81ec-23b89dfb2ea1}</UniqueIdentifier>
    </Filter>
    <Filter Include="include\opencv2\stitching\detail">
      <UniqueIdentifier>{bdc2ed02-ac8c-41ec-9b5f-d0db32e8a43a}</UniqueIdentifier>
    </Filter>
    <Filter Include="include\opencv2\stereo">
      <UniqueIdentifier>{c4b87013-a88d-4b63-ba61-2ab0785cf5d5}</UniqueIdentifier>
    </Filter>
    <Filter Include="include\opencv2\shape">
      <UniqueIdentifier>{ddd36159-b0d0-4cad-a6c1-06681621d1e5}</UniqueIdentifier>
    </Filter>
    <Filter Include="include\opencv2\saliency">
      <UniqueIdentifier>{3a5586cb-dd18-4fb9-abbf-fd43b4dee687}</UniqueIdentifier>
    </Filter>
    <Filter Include="include\opencv2\rgbd">
      <UniqueIdentifier>{0e03557b-9623-4afd-9b01-84cc56f68fa3}</UniqueIdentifier>
    </Filter>
    <Filter Include="include\opencv2\reg">
      <UniqueIdentifier>{43c3943c-a48d-438c-9527-d5a92f90708e}</UniqueIdentifier>
    </Filter>
    <Filter Include="include\opencv2\photo">
      <UniqueIdentifier>{9eaa93af-0f6f-4bb0-8007-1ea69e879213}</UniqueIdentifier>
    </Filter>
    <Filter Include="include\opencv2\phase_unwrapping">
      <UniqueIdentifier>{38d03545-ae06-42c8-ab31-67dd3c7e0dca}</UniqueIdentifier>
    </Filter>
    <Filter Include="include\opencv2\optflow">
      <UniqueIdentifier>{c5e9bb9f-9aac-4c1c-aee6-2a68fae7ee96}</UniqueIdentifier>
    </Filter>
    <Filter Include="include\opencv2\objdetect">
      <UniqueIdentifier>{9bd12edb-0182-44df-9033-a1d9c5ce8822}</UniqueIdentifier>
    </Filter>
    <Filter Include="include\opencv2\ml">
      <UniqueIdentifier>{6ee7d328-7050-4c23-b848-e66827eb6cb2}</UniqueIdentifier>
    </Filter>
    <Filter Include="include\opencv2\line_descriptor">
      <UniqueIdentifier>{15f29e53-4960-44eb-8883-a1d497e7ed66}</UniqueIdentifier>
    </Filter>
    <Filter Include="include\opencv2\imgproc">
      <UniqueIdentifier>{dae4381b-c900-46b3-bde8-3d5c623421f8}</UniqueIdentifier>
    </Filter>
    <Filter Include="include\opencv2\imgproc\hal">
      <UniqueIdentifier>{4df4659f-7845-4d8b-b528-596d6d26d91a}</UniqueIdentifier>
    </Filter>
    <Filter Include="include\opencv2\imgproc\detail">
      <UniqueIdentifier>{16c8a200-a565-4aa8-ab11-041997444a4f}</UniqueIdentifier>
    </Filter>
    <Filter Include="include\opencv2\imgcodecs">
      <UniqueIdentifier>{f3af8c28-863c-4ce3-b605-85f77ba07890}</UniqueIdentifier>
    </Filter>
    <Filter Include="include\opencv2\highgui">
      <UniqueIdentifier>{a1cf00ad-f912-4bb3-890a-22e6a06d9c6b}</UniqueIdentifier>
    </Filter>
    <Filter Include="include\opencv2\fuzzy">
      <UniqueIdentifier>{a476392b-1616-4ce2-952e-9d7a075a7377}</UniqueIdentifier>
    </Filter>
    <Filter Include="include\opencv2\flann">
      <UniqueIdentifier>{0c4f27a4-1e40-41d5-979e-35046531e1bf}</UniqueIdentifier>
    </Filter>
    <Filter Include="include\opencv2\features2d">
      <UniqueIdentifier>{31f4d4e7-d0ea-4280-86eb-1ad63c5743b3}</UniqueIdentifier>
    </Filter>
    <Filter Include="include\opencv2\face">
      <UniqueIdentifier>{6c8ae91b-2503-482f-8933-03b8a3a744e9}</UniqueIdentifier>
    </Filter>
    <Filter Include="include\opencv2\datasets">
      <UniqueIdentifier>{82bc268b-1301-4adf-bc41-3373ff74006f}</UniqueIdentifier>
    </Filter>
    <Filter Include="include\opencv2\core">
      <UniqueIdentifier>{e46f95ce-025f-44e5-ae8a-c98149c40391}</UniqueIdentifier>
    </Filter>
    <Filter Include="include\opencv2\core\hal">
      <UniqueIdentifier>{bd45cac0-ce80-430c-83a2-bf87604b6b1e}</UniqueIdentifier>
    </Filter>
    <Filter Include="include\opencv2\core\cuda">
      <UniqueIdentifier>{3067b423-5832-4aaa-94bf-ff0df81dfc44}</UniqueIdentifier>
    </Filter>
    <Filter Include="include\opencv2\core\cuda\detail">
      <UniqueIdentifier>{e80ddce5-d0ee-470f-be7a-1941f71d4660}</UniqueIdentifier>
    </Filter>
    <Filter Include="include\opencv2\ccalib">
      <UniqueIdentifier>{d09a650d-9a11-4920-9ec5-a8064bdb065f}</UniqueIdentifier>
    </Filter>
    <Filter Include="include\opencv2\calib3d">
      <UniqueIdentifier>{0da32be3-40d5-424f-9b87-13640570e404}</UniqueIdentifier>
    </Filter>
    <Filter Include="include\opencv2\bioinspired">
      <UniqueIdentifier>{da09f3a6-8ec7-4fb9-8fc8-f160432b6a8c}</UniqueIdentifier>
    </Filter>
    <Filter Include="include\opencv2\aruco">
      <UniqueIdentifier>{f0dea4d7-f775-4b19-bd35-4643aea37d27}</UniqueIdentifier>
    </Filter>
  </ItemGroup>
  <ItemGroup>
    <ClCompile Include="..\..\..\..\Visual Studio 2017\Projects\sampledll2\sampledll2\CppPlugin.cpp">
      <Filter>ソース ファイル</Filter>
    </ClCompile>
  </ItemGroup>
  <ItemGroup>
    <ClInclude Include="..\..\..\..\Visual Studio 2017\Projects\sampledll2\sampledll2\CppPlugin.h">
      <Filter>ヘッダー ファイル</Filter>
    </ClInclude>
    <ClInclude Include="include\opencv\ml.h">
      <Filter>include\opencv</Filter>
    </ClInclude>
    <ClInclude Include="include\opencv\highgui.h">
      <Filter>include\opencv</Filter>
    </ClInclude>
    <ClInclude Include="include\opencv\cxmisc.h">
      <Filter>include\opencv</Filter>
    </ClInclude>
    <ClInclude Include="include\opencv\cxeigen.hpp">
      <Filter>include\opencv</Filter>
    </ClInclude>
    <ClInclude Include="include\opencv\cxcore.hpp">
      <Filter>include\opencv</Filter>
    </ClInclude>
    <ClInclude Include="include\opencv\cxcore.h">
      <Filter>include\opencv</Filter>
    </ClInclude>
    <ClInclude Include="include\opencv\cvwimage.h">
      <Filter>include\opencv</Filter>
    </ClInclude>
    <ClInclude Include="include\opencv\cvaux.hpp">
      <Filter>include\opencv</Filter>
    </ClInclude>
    <ClInclude Include="include\opencv\cvaux.h">
      <Filter>include\opencv</Filter>
    </ClInclude>
    <ClInclude Include="include\opencv\cv.hpp">
      <Filter>include\opencv</Filter>
    </ClInclude>
    <ClInclude Include="include\opencv\cv.h">
      <Filter>include\opencv</Filter>
    </ClInclude>
    <ClInclude Include="include\opencv2\xphoto\white_balance.hpp">
      <Filter>include\opencv2\xphoto</Filter>
    </ClInclude>
    <ClInclude Include="include\opencv2\xphoto\inpainting.hpp">
      <Filter>include\opencv2\xphoto</Filter>
    </ClInclude>
    <ClInclude Include="include\opencv2\xphoto\dct_image_denoising.hpp">
      <Filter>include\opencv2\xphoto</Filter>
    </ClInclude>
    <ClInclude Include="include\opencv2\xphoto\bm3d_image_denoising.hpp">
      <Filter>include\opencv2\xphoto</Filter>
    </ClInclude>
    <ClInclude Include="include\opencv2\xphoto.hpp">
      <Filter>include\opencv2</Filter>
    </ClInclude>
    <ClInclude Include="include\opencv2\xobjdetect.hpp">
      <Filter>include\opencv2</Filter>
    </ClInclude>
    <ClInclude Include="include\opencv2\ximgproc\weighted_median_filter.hpp">
      <Filter>include\opencv2\ximgproc</Filter>
    </ClInclude>
    <ClInclude Include="include\opencv2\ximgproc\structured_edge_detection.hpp">
      <Filter>include\opencv2\ximgproc</Filter>
    </ClInclude>
    <ClInclude Include="include\opencv2\ximgproc\sparse_match_interpolator.hpp">
      <Filter>include\opencv2\ximgproc</Filter>
    </ClInclude>
    <ClInclude Include="include\opencv2\ximgproc\slic.hpp">
      <Filter>include\opencv2\ximgproc</Filter>
    </ClInclude>
    <ClInclude Include="include\opencv2\ximgproc\segmentation.hpp">
      <Filter>include\opencv2\ximgproc</Filter>
    </ClInclude>
    <ClInclude Include="include\opencv2\ximgproc\seeds.hpp">
      <Filter>include\opencv2\ximgproc</Filter>
    </ClInclude>
    <ClInclude Include="include\opencv2\ximgproc\paillou_filter.hpp">
      <Filter>include\opencv2\ximgproc</Filter>
    </ClInclude>
    <ClInclude Include="include\opencv2\ximgproc\lsc.hpp">
      <Filter>include\opencv2\ximgproc</Filter>
    </ClInclude>
    <ClInclude Include="include\opencv2\ximgproc\fast_line_detector.hpp">
      <Filter>include\opencv2\ximgproc</Filter>
    </ClInclude>
    <ClInclude Include="include\opencv2\ximgproc\fast_hough_transform.hpp">
      <Filter>include\opencv2\ximgproc</Filter>
    </ClInclude>
    <ClInclude Include="include\opencv2\ximgproc\estimated_covariance.hpp">
      <Filter>include\opencv2\ximgproc</Filter>
    </ClInclude>
    <ClInclude Include="include\opencv2\ximgproc\edge_filter.hpp">
      <Filter>include\opencv2\ximgproc</Filter>
    </ClInclude>
    <ClInclude Include="include\opencv2\ximgproc\disparity_filter.hpp">
      <Filter>include\opencv2\ximgproc</Filter>
    </ClInclude>
    <ClInclude Include="include\opencv2\ximgproc.hpp">
      <Filter>include\opencv2</Filter>
    </ClInclude>
    <ClInclude Include="include\opencv2\xfeatures2d\nonfree.hpp">
      <Filter>include\opencv2\xfeatures2d</Filter>
    </ClInclude>
    <ClInclude Include="include\opencv2\xfeatures2d\cuda.hpp">
      <Filter>include\opencv2\xfeatures2d</Filter>
    </ClInclude>
    <ClInclude Include="include\opencv2\xfeatures2d.hpp">
      <Filter>include\opencv2</Filter>
    </ClInclude>
    <ClInclude Include="include\opencv2\video\video.hpp">
      <Filter>include\opencv2\video</Filter>
    </ClInclude>
    <ClInclude Include="include\opencv2\video\tracking_c.h">
      <Filter>include\opencv2\video</Filter>
    </ClInclude>
    <ClInclude Include="include\opencv2\video\tracking.hpp">
      <Filter>include\opencv2\video</Filter>
    </ClInclude>
    <ClInclude Include="include\opencv2\video\background_segm.hpp">
      <Filter>include\opencv2\video</Filter>
    </ClInclude>
    <ClInclude Include="include\opencv2\videostab\wobble_suppression.hpp">
      <Filter>include\opencv2\videostab</Filter>
    </ClInclude>
    <ClInclude Include="include\opencv2\videostab\stabilizer.hpp">
      <Filter>include\opencv2\videostab</Filter>
    </ClInclude>
    <ClInclude Include="include\opencv2\videostab\ring_buffer.hpp">
      <Filter>include\opencv2\videostab</Filter>
    </ClInclude>
    <ClInclude Include="include\opencv2\videostab\outlier_rejection.hpp">
      <Filter>include\opencv2\videostab</Filter>
    </ClInclude>
    <ClInclude Include="include\opencv2\videostab\optical_flow.hpp">
      <Filter>include\opencv2\videostab</Filter>
    </ClInclude>
    <ClInclude Include="include\opencv2\videostab\motion_stabilizing.hpp">
      <Filter>include\opencv2\videostab</Filter>
    </ClInclude>
    <ClInclude Include="include\opencv2\videostab\motion_core.hpp">
      <Filter>include\opencv2\videostab</Filter>
    </ClInclude>
    <ClInclude Include="include\opencv2\videostab\log.hpp">
      <Filter>include\opencv2\videostab</Filter>
    </ClInclude>
    <ClInclude Include="include\opencv2\videostab\inpainting.hpp">
      <Filter>include\opencv2\videostab</Filter>
    </ClInclude>
    <ClInclude Include="include\opencv2\videostab\global_motion.hpp">
      <Filter>include\opencv2\videostab</Filter>
    </ClInclude>
    <ClInclude Include="include\opencv2\videostab\frame_source.hpp">
      <Filter>include\opencv2\videostab</Filter>
    </ClInclude>
    <ClInclude Include="include\opencv2\videostab\fast_marching_inl.hpp">
      <Filter>include\opencv2\videostab</Filter>
    </ClInclude>
    <ClInclude Include="include\opencv2\videostab\fast_marching.hpp">
      <Filter>include\opencv2\videostab</Filter>
    </ClInclude>
    <ClInclude Include="include\opencv2\videostab\deblurring.hpp">
      <Filter>include\opencv2\videostab</Filter>
    </ClInclude>
    <ClInclude Include="include\opencv2\videostab.hpp">
      <Filter>include\opencv2</Filter>
    </ClInclude>
    <ClInclude Include="include\opencv2\videoio\videoio_c.h">
      <Filter>include\opencv2\videoio</Filter>
    </ClInclude>
    <ClInclude Include="include\opencv2\videoio\videoio.hpp">
      <Filter>include\opencv2\videoio</Filter>
    </ClInclude>
    <ClInclude Include="include\opencv2\videoio\cap_winrt.hpp">
      <Filter>include\opencv2\videoio</Filter>
    </ClInclude>
    <ClInclude Include="include\opencv2\videoio\cap_ios.h">
      <Filter>include\opencv2\videoio</Filter>
    </ClInclude>
    <ClInclude Include="include\opencv2\videoio.hpp">
      <Filter>include\opencv2</Filter>
    </ClInclude>
    <ClInclude Include="include\opencv2\video.hpp">
      <Filter>include\opencv2</Filter>
    </ClInclude>
    <ClInclude Include="include\opencv2\tracking\tracking.hpp">
      <Filter>include\opencv2\tracking</Filter>
    </ClInclude>
    <ClInclude Include="include\opencv2\tracking\tracker.hpp">
      <Filter>include\opencv2\tracking</Filter>
    </ClInclude>
    <ClInclude Include="include\opencv2\tracking\tldDataset.hpp">
      <Filter>include\opencv2\tracking</Filter>
    </ClInclude>
    <ClInclude Include="include\opencv2\tracking\onlineMIL.hpp">
      <Filter>include\opencv2\tracking</Filter>
    </ClInclude>
    <ClInclude Include="include\opencv2\tracking\onlineBoosting.hpp">
      <Filter>include\opencv2\tracking</Filter>
    </ClInclude>
    <ClInclude Include="include\opencv2\tracking\kalman_filters.hpp">
      <Filter>include\opencv2\tracking</Filter>
    </ClInclude>
    <ClInclude Include="include\opencv2\tracking\feature.hpp">
      <Filter>include\opencv2\tracking</Filter>
    </ClInclude>
    <ClInclude Include="include\opencv2\tracking.hpp">
      <Filter>include\opencv2</Filter>
    </ClInclude>
    <ClInclude Include="include\opencv2\text\ocr.hpp">
      <Filter>include\opencv2\text</Filter>
    </ClInclude>
    <ClInclude Include="include\opencv2\text\erfilter.hpp">
      <Filter>include\opencv2\text</Filter>
    </ClInclude>
    <ClInclude Include="include\opencv2\text.hpp">
      <Filter>include\opencv2</Filter>
    </ClInclude>
    <ClInclude Include="include\opencv2\surface_matching\t_hash_int.hpp">
      <Filter>include\opencv2\surface_matching</Filter>
    </ClInclude>
    <ClInclude Include="include\opencv2\surface_matching\ppf_match_3d.hpp">
      <Filter>include\opencv2\surface_matching</Filter>
    </ClInclude>
    <ClInclude Include="include\opencv2\surface_matching\ppf_helpers.hpp">
      <Filter>include\opencv2\surface_matching</Filter>
    </ClInclude>
    <ClInclude Include="include\opencv2\surface_matching\pose_3d.hpp">
      <Filter>include\opencv2\surface_matching</Filter>
    </ClInclude>
    <ClInclude Include="include\opencv2\surface_matching\icp.hpp">
      <Filter>include\opencv2\surface_matching</Filter>
    </ClInclude>
    <ClInclude Include="include\opencv2\surface_matching.hpp">
      <Filter>include\opencv2</Filter>
    </ClInclude>
    <ClInclude Include="include\opencv2\structured_light\structured_light.hpp">
      <Filter>include\opencv2\structured_light</Filter>
    </ClInclude>
    <ClInclude Include="include\opencv2\structured_light\sinusoidalpattern.hpp">
      <Filter>include\opencv2\structured_light</Filter>
    </ClInclude>
    <ClInclude Include="include\opencv2\structured_light\graycodepattern.hpp">
      <Filter>include\opencv2\structured_light</Filter>
    </ClInclude>
    <ClInclude Include="include\opencv2\structured_light.hpp">
      <Filter>include\opencv2</Filter>
    </ClInclude>
    <ClInclude Include="include\opencv2\stitching\warpers.hpp">
      <Filter>include\opencv2\stitching</Filter>
    </ClInclude>
    <ClInclude Include="include\opencv2\stitching\detail\warpers_inl.hpp">
      <Filter>include\opencv2\stitching\detail</Filter>
    </ClInclude>
    <ClInclude Include="include\opencv2\stitching\detail\warpers.hpp">
      <Filter>include\opencv2\stitching\detail</Filter>
    </ClInclude>
    <ClInclude Include="include\opencv2\stitching\detail\util_inl.hpp">
      <Filter>include\opencv2\stitching\detail</Filter>
    </ClInclude>
    <ClInclude Include="include\opencv2\stitching\detail\util.hpp">
      <Filter>include\opencv2\stitching\detail</Filter>
    </ClInclude>
    <ClInclude Include="include\opencv2\stitching\detail\timelapsers.hpp">
      <Filter>include\opencv2\stitching\detail</Filter>
    </ClInclude>
    <ClInclude Include="include\opencv2\stitching\detail\seam_finders.hpp">
      <Filter>include\opencv2\stitching\detail</Filter>
    </ClInclude>
    <ClInclude Include="include\opencv2\stitching\detail\motion_estimators.hpp">
      <Filter>include\opencv2\stitching\detail</Filter>
    </ClInclude>
    <ClInclude Include="include\opencv2\stitching\detail\matchers.hpp">
      <Filter>include\opencv2\stitching\detail</Filter>
    </ClInclude>
    <ClInclude Include="include\opencv2\stitching\detail\exposure_compensate.hpp">
      <Filter>include\opencv2\stitching\detail</Filter>
    </ClInclude>
    <ClInclude Include="include\opencv2\stitching\detail\camera.hpp">
      <Filter>include\opencv2\stitching\detail</Filter>
    </ClInclude>
    <ClInclude Include="include\opencv2\stitching\detail\blenders.hpp">
      <Filter>include\opencv2\stitching\detail</Filter>
    </ClInclude>
    <ClInclude Include="include\opencv2\stitching\detail\autocalib.hpp">
      <Filter>include\opencv2\stitching\detail</Filter>
    </ClInclude>
    <ClInclude Include="include\opencv2\stitching.hpp">
      <Filter>include\opencv2</Filter>
    </ClInclude>
    <ClInclude Include="include\opencv2\stereo\stereo.hpp">
      <Filter>include\opencv2\stereo</Filter>
    </ClInclude>
    <ClInclude Include="include\opencv2\stereo\matching.hpp">
      <Filter>include\opencv2\stereo</Filter>
    </ClInclude>
    <ClInclude Include="include\opencv2\stereo\descriptor.hpp">
      <Filter>include\opencv2\stereo</Filter>
    </ClInclude>
    <ClInclude Include="include\opencv2\stereo.hpp">
      <Filter>include\opencv2</Filter>
    </ClInclude>
    <ClInclude Include="include\opencv2\shape\shape_transformer.hpp">
      <Filter>include\opencv2\shape</Filter>
    </ClInclude>
    <ClInclude Include="include\opencv2\shape\shape_distance.hpp">
      <Filter>include\opencv2\shape</Filter>
    </ClInclude>
    <ClInclude Include="include\opencv2\shape\shape.hpp">
      <Filter>include\opencv2\shape</Filter>
    </ClInclude>
    <ClInclude Include="include\opencv2\shape\hist_cost.hpp">
      <Filter>include\opencv2\shape</Filter>
    </ClInclude>
    <ClInclude Include="include\opencv2\shape\emdL1.hpp">
      <Filter>include\opencv2\shape</Filter>
    </ClInclude>
    <ClInclude Include="include\opencv2\shape.hpp">
      <Filter>include\opencv2</Filter>
    </ClInclude>
    <ClInclude Include="include\opencv2\saliency\saliencySpecializedClasses.hpp">
      <Filter>include\opencv2\saliency</Filter>
    </ClInclude>
    <ClInclude Include="include\opencv2\saliency\saliencyBaseClasses.hpp">
      <Filter>include\opencv2\saliency</Filter>
    </ClInclude>
    <ClInclude Include="include\opencv2\saliency.hpp">
      <Filter>include\opencv2</Filter>
    </ClInclude>
    <ClInclude Include="include\opencv2\rgbd\linemod.hpp">
      <Filter>include\opencv2\rgbd</Filter>
    </ClInclude>
    <ClInclude Include="include\opencv2\rgbd.hpp">
      <Filter>include\opencv2</Filter>
    </ClInclude>
    <ClInclude Include="include\opencv2\reg\mapshift.hpp">
      <Filter>include\opencv2\reg</Filter>
    </ClInclude>
    <ClInclude Include="include\opencv2\reg\mapprojec.hpp">
      <Filter>include\opencv2\reg</Filter>
    </ClInclude>
    <ClInclude Include="include\opencv2\reg\mapperpyramid.hpp">
      <Filter>include\opencv2\reg</Filter>
    </ClInclude>
    <ClInclude Include="include\opencv2\reg\mappergradsimilar.hpp">
      <Filter>include\opencv2\reg</Filter>
    </ClInclude>
    <ClInclude Include="include\opencv2\reg\mappergradshift.hpp">
      <Filter>include\opencv2\reg</Filter>
    </ClInclude>
    <ClInclude Include="include\opencv2\reg\mappergradproj.hpp">
      <Filter>include\opencv2\reg</Filter>
    </ClInclude>
    <ClInclude Include="include\opencv2\reg\mappergradeuclid.hpp">
      <Filter>include\opencv2\reg</Filter>
    </ClInclude>
    <ClInclude Include="include\opencv2\reg\mappergradaffine.hpp">
      <Filter>include\opencv2\reg</Filter>
    </ClInclude>
    <ClInclude Include="include\opencv2\reg\mapper.hpp">
      <Filter>include\opencv2\reg</Filter>
    </ClInclude>
    <ClInclude Include="include\opencv2\reg\mapaffine.hpp">
      <Filter>include\opencv2\reg</Filter>
    </ClInclude>
    <ClInclude Include="include\opencv2\reg\map.hpp">
      <Filter>include\opencv2\reg</Filter>
    </ClInclude>
    <ClInclude Include="include\opencv2\plot.hpp">
      <Filter>include\opencv2</Filter>
    </ClInclude>
    <ClInclude Include="include\opencv2\photo\photo_c.h">
      <Filter>include\opencv2\photo</Filter>
    </ClInclude>
    <ClInclude Include="include\opencv2\photo\photo.hpp">
      <Filter>include\opencv2\photo</Filter>
    </ClInclude>
    <ClInclude Include="include\opencv2\photo\cuda.hpp">
      <Filter>include\opencv2\photo</Filter>
    </ClInclude>
    <ClInclude Include="include\opencv2\photo.hpp">
      <Filter>include\opencv2</Filter>
    </ClInclude>
    <ClInclude Include="include\opencv2\phase_unwrapping\phase_unwrapping.hpp">
      <Filter>include\opencv2\phase_unwrapping</Filter>
    </ClInclude>
    <ClInclude Include="include\opencv2\phase_unwrapping\histogramphaseunwrapping.hpp">
      <Filter>include\opencv2\phase_unwrapping</Filter>
    </ClInclude>
    <ClInclude Include="include\opencv2\phase_unwrapping.hpp">
      <Filter>include\opencv2</Filter>
    </ClInclude>
    <ClInclude Include="include\opencv2\optflow\sparse_matching_gpc.hpp">
      <Filter>include\opencv2\optflow</Filter>
    </ClInclude>
    <ClInclude Include="include\opencv2\optflow\pcaflow.hpp">
      <Filter>include\opencv2\optflow</Filter>
    </ClInclude>
    <ClInclude Include="include\opencv2\optflow\motempl.hpp">
      <Filter>include\opencv2\optflow</Filter>
    </ClInclude>
    <ClInclude Include="include\opencv2\optflow.hpp">
      <Filter>include\opencv2</Filter>
    </ClInclude>
    <ClInclude Include="include\opencv2\opencv_modules.hpp">
      <Filter>include\opencv2</Filter>
    </ClInclude>
    <ClInclude Include="include\opencv2\opencv.hpp">
      <Filter>include\opencv2</Filter>
    </ClInclude>
    <ClInclude Include="include\opencv2\objdetect\objdetect_c.h">
      <Filter>include\opencv2\objdetect</Filter>
    </ClInclude>
    <ClInclude Include="include\opencv2\objdetect\objdetect.hpp">
      <Filter>include\opencv2\objdetect</Filter>
    </ClInclude>
    <ClInclude Include="include\opencv2\objdetect\detection_based_tracker.hpp">
      <Filter>include\opencv2\objdetect</Filter>
    </ClInclude>
    <ClInclude Include="include\opencv2\objdetect.hpp">
      <Filter>include\opencv2</Filter>
    </ClInclude>
    <ClInclude Include="include\opencv2\ml\ml.hpp">
      <Filter>include\opencv2\ml</Filter>
    </ClInclude>
    <ClInclude Include="include\opencv2\ml.hpp">
      <Filter>include\opencv2</Filter>
    </ClInclude>
    <ClInclude Include="include\opencv2\line_descriptor\descriptor.hpp">
      <Filter>include\opencv2\line_descriptor</Filter>
    </ClInclude>
    <ClInclude Include="include\opencv2\line_descriptor.hpp">
      <Filter>include\opencv2</Filter>
    </ClInclude>
    <ClInclude Include="include\opencv2\imgproc\types_c.h">
      <Filter>include\opencv2\imgproc</Filter>
    </ClInclude>
    <ClInclude Include="include\opencv2\imgproc\imgproc_c.h">
      <Filter>include\opencv2\imgproc</Filter>
    </ClInclude>
    <ClInclude Include="include\opencv2\imgproc\imgproc.hpp">
      <Filter>include\opencv2\imgproc</Filter>
    </ClInclude>
    <ClInclude Include="include\opencv2\imgproc\hal\interface.h">
      <Filter>include\opencv2\imgproc\hal</Filter>
    </ClInclude>
    <ClInclude Include="include\opencv2\imgproc\hal\hal.hpp">
      <Filter>include\opencv2\imgproc\hal</Filter>
    </ClInclude>
    <ClInclude Include="include\opencv2\imgproc\detail\distortion_model.hpp">
      <Filter>include\opencv2\imgproc\detail</Filter>
    </ClInclude>
    <ClInclude Include="include\opencv2\imgproc.hpp">
      <Filter>include\opencv2</Filter>
    </ClInclude>
    <ClInclude Include="include\opencv2\imgcodecs\ios.h">
      <Filter>include\opencv2\imgcodecs</Filter>
    </ClInclude>
    <ClInclude Include="include\opencv2\imgcodecs\imgcodecs_c.h">
      <Filter>include\opencv2\imgcodecs</Filter>
    </ClInclude>
    <ClInclude Include="include\opencv2\imgcodecs\imgcodecs.hpp">
      <Filter>include\opencv2\imgcodecs</Filter>
    </ClInclude>
    <ClInclude Include="include\opencv2\imgcodecs.hpp">
      <Filter>include\opencv2</Filter>
    </ClInclude>
    <ClInclude Include="include\opencv2\highgui\highgui_winrt.hpp">
      <Filter>include\opencv2\highgui</Filter>
    </ClInclude>
    <ClInclude Include="include\opencv2\highgui\highgui_c.h">
      <Filter>include\opencv2\highgui</Filter>
    </ClInclude>
    <ClInclude Include="include\opencv2\highgui\highgui.hpp">
      <Filter>include\opencv2\highgui</Filter>
    </ClInclude>
    <ClInclude Include="include\opencv2\highgui.hpp">
      <Filter>include\opencv2</Filter>
    </ClInclude>
    <ClInclude Include="include\opencv2\fuzzy\types.hpp">
      <Filter>include\opencv2\fuzzy</Filter>
    </ClInclude>
    <ClInclude Include="include\opencv2\fuzzy\fuzzy_image.hpp">
      <Filter>include\opencv2\fuzzy</Filter>
    </ClInclude>
    <ClInclude Include="include\opencv2\fuzzy\fuzzy_F0_math.hpp">
      <Filter>include\opencv2\fuzzy</Filter>
    </ClInclude>
    <ClInclude Include="include\opencv2\fuzzy.hpp">
      <Filter>include\opencv2</Filter>
    </ClInclude>
    <ClInclude Include="include\opencv2\flann\timer.h">
      <Filter>include\opencv2\flann</Filter>
    </ClInclude>
    <ClInclude Include="include\opencv2\flann\simplex_downhill.h">
      <Filter>include\opencv2\flann</Filter>
    </ClInclude>
    <ClInclude Include="include\opencv2\flann\saving.h">
      <Filter>include\opencv2\flann</Filter>
    </ClInclude>
    <ClInclude Include="include\opencv2\flann\sampling.h">
      <Filter>include\opencv2\flann</Filter>
    </ClInclude>
    <ClInclude Include="include\opencv2\flann\result_set.h">
      <Filter>include\opencv2\flann</Filter>
    </ClInclude>
    <ClInclude Include="include\opencv2\flann\random.h">
      <Filter>include\opencv2\flann</Filter>
    </ClInclude>
    <ClInclude Include="include\opencv2\flann\params.h">
      <Filter>include\opencv2\flann</Filter>
    </ClInclude>
    <ClInclude Include="include\opencv2\flann\object_factory.h">
      <Filter>include\opencv2\flann</Filter>
    </ClInclude>
    <ClInclude Include="include\opencv2\flann\nn_index.h">
      <Filter>include\opencv2\flann</Filter>
    </ClInclude>
    <ClInclude Include="include\opencv2\flann\miniflann.hpp">
      <Filter>include\opencv2\flann</Filter>
    </ClInclude>
    <ClInclude Include="include\opencv2\flann\matrix.h">
      <Filter>include\opencv2\flann</Filter>
    </ClInclude>
    <ClInclude Include="include\opencv2\flann\lsh_table.h">
      <Filter>include\opencv2\flann</Filter>
    </ClInclude>
    <ClInclude Include="include\opencv2\flann\lsh_index.h">
      <Filter>include\opencv2\flann</Filter>
    </ClInclude>
    <ClInclude Include="include\opencv2\flann\logger.h">
      <Filter>include\opencv2\flann</Filter>
    </ClInclude>
    <ClInclude Include="include\opencv2\flann\linear_index.h">
      <Filter>include\opencv2\flann</Filter>
    </ClInclude>
    <ClInclude Include="include\opencv2\flann\kmeans_index.h">
      <Filter>include\opencv2\flann</Filter>
    </ClInclude>
    <ClInclude Include="include\opencv2\flann\kdtree_single_index.h">
      <Filter>include\opencv2\flann</Filter>
    </ClInclude>
    <ClInclude Include="include\opencv2\flann\kdtree_index.h">
      <Filter>include\opencv2\flann</Filter>
    </ClInclude>
    <ClInclude Include="include\opencv2\flann\index_testing.h">
      <Filter>include\opencv2\flann</Filter>
    </ClInclude>
    <ClInclude Include="include\opencv2\flann\hierarchical_clustering_index.h">
      <Filter>include\opencv2\flann</Filter>
    </ClInclude>
    <ClInclude Include="include\opencv2\flann\heap.h">
      <Filter>include\opencv2\flann</Filter>
    </ClInclude>
    <ClInclude Include="include\opencv2\flann\hdf5.h">
      <Filter>include\opencv2\flann</Filter>
    </ClInclude>
    <ClInclude Include="include\opencv2\flann\ground_truth.h">
      <Filter>include\opencv2\flann</Filter>
    </ClInclude>
    <ClInclude Include="include\opencv2\flann\general.h">
      <Filter>include\opencv2\flann</Filter>
    </ClInclude>
    <ClInclude Include="include\opencv2\flann\flann_base.hpp">
      <Filter>include\opencv2\flann</Filter>
    </ClInclude>
    <ClInclude Include="include\opencv2\flann\flann.hpp">
      <Filter>include\opencv2\flann</Filter>
    </ClInclude>
    <ClInclude Include="include\opencv2\flann\dynamic_bitset.h">
      <Filter>include\opencv2\flann</Filter>
    </ClInclude>
    <ClInclude Include="include\opencv2\flann\dummy.h">
      <Filter>include\opencv2\flann</Filter>
    </ClInclude>
    <ClInclude Include="include\opencv2\flann\dist.h">
      <Filter>include\opencv2\flann</Filter>
    </ClInclude>
    <ClInclude Include="include\opencv2\flann\defines.h">
      <Filter>include\opencv2\flann</Filter>
    </ClInclude>
    <ClInclude Include="include\opencv2\flann\config.h">
      <Filter>include\opencv2\flann</Filter>
    </ClInclude>
    <ClInclude Include="include\opencv2\flann\composite_index.h">
      <Filter>include\opencv2\flann</Filter>
    </ClInclude>
    <ClInclude Include="include\opencv2\flann\autotuned_index.h">
      <Filter>include\opencv2\flann</Filter>
    </ClInclude>
    <ClInclude Include="include\opencv2\flann\any.h">
      <Filter>include\opencv2\flann</Filter>
    </ClInclude>
    <ClInclude Include="include\opencv2\flann\all_indices.h">
      <Filter>include\opencv2\flann</Filter>
    </ClInclude>
    <ClInclude Include="include\opencv2\flann\allocator.h">
      <Filter>include\opencv2\flann</Filter>
    </ClInclude>
    <ClInclude Include="include\opencv2\flann.hpp">
      <Filter>include\opencv2</Filter>
    </ClInclude>
    <ClInclude Include="include\opencv2\features2d\features2d.hpp">
      <Filter>include\opencv2\features2d</Filter>
    </ClInclude>
    <ClInclude Include="include\opencv2\features2d.hpp">
      <Filter>include\opencv2</Filter>
    </ClInclude>
    <ClInclude Include="include\opencv2\face\predict_collector.hpp">
      <Filter>include\opencv2\face</Filter>
    </ClInclude>
    <ClInclude Include="include\opencv2\face\facerec.hpp">
      <Filter>include\opencv2\face</Filter>
    </ClInclude>
    <ClInclude Include="include\opencv2\face\bif.hpp">
      <Filter>include\opencv2\face</Filter>
    </ClInclude>
    <ClInclude Include="include\opencv2\face.hpp">
      <Filter>include\opencv2</Filter>
    </ClInclude>
    <ClInclude Include="include\opencv2\dpm.hpp">
      <Filter>include\opencv2</Filter>
    </ClInclude>
    <ClInclude Include="include\opencv2\datasets\util.hpp">
      <Filter>include\opencv2\datasets</Filter>
    </ClInclude>
    <ClInclude Include="include\opencv2\datasets\tr_svt.hpp">
      <Filter>include\opencv2\datasets</Filter>
    </ClInclude>
    <ClInclude Include="include\opencv2\datasets\tr_icdar.hpp">
      <Filter>include\opencv2\datasets</Filter>
    </ClInclude>
    <ClInclude Include="include\opencv2\datasets\tr_chars.hpp">
      <Filter>include\opencv2\datasets</Filter>
    </ClInclude>
    <ClInclude Include="include\opencv2\datasets\track_vot.hpp">
      <Filter>include\opencv2\datasets</Filter>
    </ClInclude>
    <ClInclude Include="include\opencv2\datasets\slam_tumindoor.hpp">
      <Filter>include\opencv2\datasets</Filter>
    </ClInclude>
    <ClInclude Include="include\opencv2\datasets\slam_kitti.hpp">
      <Filter>include\opencv2\datasets</Filter>
    </ClInclude>
    <ClInclude Include="include\opencv2\datasets\pd_inria.hpp">
      <Filter>include\opencv2\datasets</Filter>
    </ClInclude>
    <ClInclude Include="include\opencv2\datasets\pd_caltech.hpp">
      <Filter>include\opencv2\datasets</Filter>
    </ClInclude>
    <ClInclude Include="include\opencv2\datasets\or_sun.hpp">
      <Filter>include\opencv2\datasets</Filter>
    </ClInclude>
    <ClInclude Include="include\opencv2\datasets\or_pascal.hpp">
      <Filter>include\opencv2\datasets</Filter>
    </ClInclude>
    <ClInclude Include="include\opencv2\datasets\or_mnist.hpp">
      <Filter>include\opencv2\datasets</Filter>
    </ClInclude>
    <ClInclude Include="include\opencv2\datasets\or_imagenet.hpp">
      <Filter>include\opencv2\datasets</Filter>
    </ClInclude>
    <ClInclude Include="include\opencv2\datasets\msm_middlebury.hpp">
      <Filter>include\opencv2\datasets</Filter>
    </ClInclude>
    <ClInclude Include="include\opencv2\datasets\msm_epfl.hpp">
      <Filter>include\opencv2\datasets</Filter>
    </ClInclude>
    <ClInclude Include="include\opencv2\datasets\is_weizmann.hpp">
      <Filter>include\opencv2\datasets</Filter>
    </ClInclude>
    <ClInclude Include="include\opencv2\datasets\is_bsds.hpp">
      <Filter>include\opencv2\datasets</Filter>
    </ClInclude>
    <ClInclude Include="include\opencv2\datasets\ir_robot.hpp">
      <Filter>include\opencv2\datasets</Filter>
    </ClInclude>
    <ClInclude Include="include\opencv2\datasets\ir_affine.hpp">
      <Filter>include\opencv2\datasets</Filter>
    </ClInclude>
    <ClInclude Include="include\opencv2\datasets\hpe_parse.hpp">
      <Filter>include\opencv2\datasets</Filter>
    </ClInclude>
    <ClInclude Include="include\opencv2\datasets\hpe_humaneva.hpp">
      <Filter>include\opencv2\datasets</Filter>
    </ClInclude>
    <ClInclude Include="include\opencv2\datasets\gr_skig.hpp">
      <Filter>include\opencv2\datasets</Filter>
    </ClInclude>
    <ClInclude Include="include\opencv2\datasets\gr_chalearn.hpp">
      <Filter>include\opencv2\datasets</Filter>
    </ClInclude>
    <ClInclude Include="include\opencv2\datasets\fr_lfw.hpp">
      <Filter>include\opencv2\datasets</Filter>
    </ClInclude>
    <ClInclude Include="include\opencv2\datasets\fr_adience.hpp">
      <Filter>include\opencv2\datasets</Filter>
    </ClInclude>
    <ClInclude Include="include\opencv2\datasets\dataset.hpp">
      <Filter>include\opencv2\datasets</Filter>
    </ClInclude>
    <ClInclude Include="include\opencv2\datasets\ar_sports.hpp">
      <Filter>include\opencv2\datasets</Filter>
    </ClInclude>
    <ClInclude Include="include\opencv2\datasets\ar_hmdb.hpp">
      <Filter>include\opencv2\datasets</Filter>
    </ClInclude>
    <ClInclude Include="include\opencv2\cvconfig.h">
      <Filter>include\opencv2</Filter>
    </ClInclude>
    <ClInclude Include="include\opencv2\core\wimage.hpp">
      <Filter>include\opencv2\core</Filter>
    </ClInclude>
    <ClInclude Include="include\opencv2\core\version.hpp">
      <Filter>include\opencv2\core</Filter>
    </ClInclude>
    <ClInclude Include="include\opencv2\core\va_intel.hpp">
      <Filter>include\opencv2\core</Filter>
    </ClInclude>
    <ClInclude Include="include\opencv2\core\utility.hpp">
      <Filter>include\opencv2\core</Filter>
    </ClInclude>
    <ClInclude Include="include\opencv2\core\types_c.h">
      <Filter>include\opencv2\core</Filter>
    </ClInclude>
    <ClInclude Include="include\opencv2\core\types.hpp">
      <Filter>include\opencv2\core</Filter>
    </ClInclude>
    <ClInclude Include="include\opencv2\core\traits.hpp">
      <Filter>include\opencv2\core</Filter>
    </ClInclude>
    <ClInclude Include="include\opencv2\core\sse_utils.hpp">
      <Filter>include\opencv2\core</Filter>
    </ClInclude>
    <ClInclude Include="include\opencv2\core\saturate.hpp">
      <Filter>include\opencv2\core</Filter>
    </ClInclude>
    <ClInclude Include="include\opencv2\core\ptr.inl.hpp">
      <Filter>include\opencv2\core</Filter>
    </ClInclude>
    <ClInclude Include="include\opencv2\core\private.hpp">
      <Filter>include\opencv2\core</Filter>
    </ClInclude>
    <ClInclude Include="include\opencv2\core\private.cuda.hpp">
      <Filter>include\opencv2\core</Filter>
    </ClInclude>
    <ClInclude Include="include\opencv2\core\persistence.hpp">
      <Filter>include\opencv2\core</Filter>
    </ClInclude>
    <ClInclude Include="include\opencv2\core\ovx.hpp">
      <Filter>include\opencv2\core</Filter>
    </ClInclude>
    <ClInclude Include="include\opencv2\core\optim.hpp">
      <Filter>include\opencv2\core</Filter>
    </ClInclude>
    <ClInclude Include="include\opencv2\core\operations.hpp">
      <Filter>include\opencv2\core</Filter>
    </ClInclude>
    <ClInclude Include="include\opencv2\core\opengl.hpp">
      <Filter>include\opencv2\core</Filter>
    </ClInclude>
    <ClInclude Include="include\opencv2\core\ocl_genbase.hpp">
      <Filter>include\opencv2\core</Filter>
    </ClInclude>
    <ClInclude Include="include\opencv2\core\ocl.hpp">
      <Filter>include\opencv2\core</Filter>
    </ClInclude>
    <ClInclude Include="include\opencv2\core\neon_utils.hpp">
      <Filter>include\opencv2\core</Filter>
    </ClInclude>
    <ClInclude Include="include\opencv2\core\matx.hpp">
      <Filter>include\opencv2\core</Filter>
    </ClInclude>
    <ClInclude Include="include\opencv2\core\mat.inl.hpp">
      <Filter>include\opencv2\core</Filter>
    </ClInclude>
    <ClInclude Include="include\opencv2\core\mat.hpp">
      <Filter>include\opencv2\core</Filter>
    </ClInclude>
    <ClInclude Include="include\opencv2\core\ippasync.hpp">
      <Filter>include\opencv2\core</Filter>
    </ClInclude>
    <ClInclude Include="include\opencv2\core\hal\intrin_sse.hpp">
      <Filter>include\opencv2\core\hal</Filter>
    </ClInclude>
    <ClInclude Include="include\opencv2\core\hal\intrin_neon.hpp">
      <Filter>include\opencv2\core\hal</Filter>
    </ClInclude>
    <ClInclude Include="include\opencv2\core\hal\intrin_cpp.hpp">
      <Filter>include\opencv2\core\hal</Filter>
    </ClInclude>
    <ClInclude Include="include\opencv2\core\hal\intrin.hpp">
      <Filter>include\opencv2\core\hal</Filter>
    </ClInclude>
    <ClInclude Include="include\opencv2\core\hal\interface.h">
      <Filter>include\opencv2\core\hal</Filter>
    </ClInclude>
    <ClInclude Include="include\opencv2\core\hal\hal.hpp">
      <Filter>include\opencv2\core\hal</Filter>
    </ClInclude>
    <ClInclude Include="include\opencv2\core\fast_math.hpp">
      <Filter>include\opencv2\core</Filter>
    </ClInclude>
    <ClInclude Include="include\opencv2\core\eigen.hpp">
      <Filter>include\opencv2\core</Filter>
    </ClInclude>
    <ClInclude Include="include\opencv2\core\directx.hpp">
      <Filter>include\opencv2\core</Filter>
    </ClInclude>
    <ClInclude Include="include\opencv2\core\cvstd.inl.hpp">
      <Filter>include\opencv2\core</Filter>
    </ClInclude>
    <ClInclude Include="include\opencv2\core\cvstd.hpp">
      <Filter>include\opencv2\core</Filter>
    </ClInclude>
    <ClInclude Include="include\opencv2\core\cvdef.h">
      <Filter>include\opencv2\core</Filter>
    </ClInclude>
    <ClInclude Include="include\opencv2\core\cuda_types.hpp">
      <Filter>include\opencv2\core</Filter>
    </ClInclude>
    <ClInclude Include="include\opencv2\core\cuda_stream_accessor.hpp">
      <Filter>include\opencv2\core</Filter>
    </ClInclude>
    <ClInclude Include="include\opencv2\core\cuda\warp_shuffle.hpp">
      <Filter>include\opencv2\core\cuda</Filter>
    </ClInclude>
    <ClInclude Include="include\opencv2\core\cuda\warp_reduce.hpp">
      <Filter>include\opencv2\core\cuda</Filter>
    </ClInclude>
    <ClInclude Include="include\opencv2\core\cuda\warp.hpp">
      <Filter>include\opencv2\core\cuda</Filter>
    </ClInclude>
    <ClInclude Include="include\opencv2\core\cuda\vec_traits.hpp">
      <Filter>include\opencv2\core\cuda</Filter>
    </ClInclude>
    <ClInclude Include="include\opencv2\core\cuda\vec_math.hpp">
      <Filter>include\opencv2\core\cuda</Filter>
    </ClInclude>
    <ClInclude Include="include\opencv2\core\cuda\vec_distance.hpp">
      <Filter>include\opencv2\core\cuda</Filter>
    </ClInclude>
    <ClInclude Include="include\opencv2\core\cuda\utility.hpp">
      <Filter>include\opencv2\core\cuda</Filter>
    </ClInclude>
    <ClInclude Include="include\opencv2\core\cuda\type_traits.hpp">
      <Filter>include\opencv2\core\cuda</Filter>
    </ClInclude>
    <ClInclude Include="include\opencv2\core\cuda\transform.hpp">
      <Filter>include\opencv2\core\cuda</Filter>
    </ClInclude>
    <ClInclude Include="include\opencv2\core\cuda\simd_functions.hpp">
      <Filter>include\opencv2\core\cuda</Filter>
    </ClInclude>
    <ClInclude Include="include\opencv2\core\cuda\scan.hpp">
      <Filter>include\opencv2\core\cuda</Filter>
    </ClInclude>
    <ClInclude Include="include\opencv2\core\cuda\saturate_cast.hpp">
      <Filter>include\opencv2\core\cuda</Filter>
    </ClInclude>
    <ClInclude Include="include\opencv2\core\cuda\reduce.hpp">
      <Filter>include\opencv2\core\cuda</Filter>
    </ClInclude>
    <ClInclude Include="include\opencv2\core\cuda\limits.hpp">
      <Filter>include\opencv2\core\cuda</Filter>
    </ClInclude>
    <ClInclude Include="include\opencv2\core\cuda\functional.hpp">
      <Filter>include\opencv2\core\cuda</Filter>
    </ClInclude>
    <ClInclude Include="include\opencv2\core\cuda\funcattrib.hpp">
      <Filter>include\opencv2\core\cuda</Filter>
    </ClInclude>
    <ClInclude Include="include\opencv2\core\cuda\filters.hpp">
      <Filter>include\opencv2\core\cuda</Filter>
    </ClInclude>
    <ClInclude Include="include\opencv2\core\cuda\emulation.hpp">
      <Filter>include\opencv2\core\cuda</Filter>
    </ClInclude>
    <ClInclude Include="include\opencv2\core\cuda\dynamic_smem.hpp">
      <Filter>include\opencv2\core\cuda</Filter>
    </ClInclude>
    <ClInclude Include="include\opencv2\core\cuda\detail\vec_distance_detail.hpp">
      <Filter>include\opencv2\core\cuda\detail</Filter>
    </ClInclude>
    <ClInclude Include="include\opencv2\core\cuda\detail\type_traits_detail.hpp">
      <Filter>include\opencv2\core\cuda\detail</Filter>
    </ClInclude>
    <ClInclude Include="include\opencv2\core\cuda\detail\transform_detail.hpp">
      <Filter>include\opencv2\core\cuda\detail</Filter>
    </ClInclude>
    <ClInclude Include="include\opencv2\core\cuda\detail\reduce_key_val.hpp">
      <Filter>include\opencv2\core\cuda\detail</Filter>
    </ClInclude>
    <ClInclude Include="include\opencv2\core\cuda\detail\reduce.hpp">
      <Filter>include\opencv2\core\cuda\detail</Filter>
    </ClInclude>
    <ClInclude Include="include\opencv2\core\cuda\detail\color_detail.hpp">
      <Filter>include\opencv2\core\cuda\detail</Filter>
    </ClInclude>
    <ClInclude Include="include\opencv2\core\cuda\datamov_utils.hpp">
      <Filter>include\opencv2\core\cuda</Filter>
    </ClInclude>
    <ClInclude Include="include\opencv2\core\cuda\common.hpp">
      <Filter>include\opencv2\core\cuda</Filter>
    </ClInclude>
    <ClInclude Include="include\opencv2\core\cuda\color.hpp">
      <Filter>include\opencv2\core\cuda</Filter>
    </ClInclude>
    <ClInclude Include="include\opencv2\core\cuda\border_interpolate.hpp">
      <Filter>include\opencv2\core\cuda</Filter>
    </ClInclude>
    <ClInclude Include="include\opencv2\core\cuda\block.hpp">
      <Filter>include\opencv2\core\cuda</Filter>
    </ClInclude>
    <ClInclude Include="include\opencv2\core\cuda.inl.hpp">
      <Filter>include\opencv2\core</Filter>
    </ClInclude>
    <ClInclude Include="include\opencv2\core\cuda.hpp">
      <Filter>include\opencv2\core</Filter>
    </ClInclude>
    <ClInclude Include="include\opencv2\core\core_c.h">
      <Filter>include\opencv2\core</Filter>
    </ClInclude>
    <ClInclude Include="include\opencv2\core\core.hpp">
      <Filter>include\opencv2\core</Filter>
    </ClInclude>
    <ClInclude Include="include\opencv2\core\bufferpool.hpp">
      <Filter>include\opencv2\core</Filter>
    </ClInclude>
    <ClInclude Include="include\opencv2\core\base.hpp">
      <Filter>include\opencv2\core</Filter>
    </ClInclude>
    <ClInclude Include="include\opencv2\core\affine.hpp">
      <Filter>include\opencv2\core</Filter>
    </ClInclude>
    <ClInclude Include="include\opencv2\core.hpp">
      <Filter>include\opencv2</Filter>
    </ClInclude>
    <ClInclude Include="include\opencv2\ccalib\randpattern.hpp">
      <Filter>include\opencv2\ccalib</Filter>
    </ClInclude>
    <ClInclude Include="include\opencv2\ccalib\omnidir.hpp">
      <Filter>include\opencv2\ccalib</Filter>
    </ClInclude>
    <ClInclude Include="include\opencv2\ccalib\multicalib.hpp">
      <Filter>include\opencv2\ccalib</Filter>
    </ClInclude>
    <ClInclude Include="include\opencv2\ccalib.hpp">
      <Filter>include\opencv2</Filter>
    </ClInclude>
    <ClInclude Include="include\opencv2\calib3d\calib3d_c.h">
      <Filter>include\opencv2\calib3d</Filter>
    </ClInclude>
    <ClInclude Include="include\opencv2\calib3d\calib3d.hpp">
      <Filter>include\opencv2\calib3d</Filter>
    </ClInclude>
    <ClInclude Include="include\opencv2\calib3d.hpp">
      <Filter>include\opencv2</Filter>
    </ClInclude>
    <ClInclude Include="include\opencv2\bioinspired\transientareassegmentationmodule.hpp">
      <Filter>include\opencv2\bioinspired</Filter>
    </ClInclude>
    <ClInclude Include="include\opencv2\bioinspired\retinafasttonemapping.hpp">
      <Filter>include\opencv2\bioinspired</Filter>
    </ClInclude>
    <ClInclude Include="include\opencv2\bioinspired\retina.hpp">
      <Filter>include\opencv2\bioinspired</Filter>
    </ClInclude>
    <ClInclude Include="include\opencv2\bioinspired\bioinspired.hpp">
      <Filter>include\opencv2\bioinspired</Filter>
    </ClInclude>
    <ClInclude Include="include\opencv2\bioinspired.hpp">
      <Filter>include\opencv2</Filter>
    </ClInclude>
    <ClInclude Include="include\opencv2\bgsegm.hpp">
      <Filter>include\opencv2</Filter>
    </ClInclude>
    <ClInclude Include="include\opencv2\aruco\dictionary.hpp">
      <Filter>include\opencv2\aruco</Filter>
    </ClInclude>
    <ClInclude Include="include\opencv2\aruco\charuco.hpp">
      <Filter>include\opencv2\aruco</Filter>
    </ClInclude>
    <ClInclude Include="include\opencv2\aruco.hpp">
      <Filter>include\opencv2</Filter>
    </ClInclude>
  </ItemGroup>
  <ItemGroup>
    <None Include="packages.config" />
  </ItemGroup>
</Project>