
Microsoft Visual Studio Solution File, Format Version 12.00
# Visual Studio 15
Project("{FAE04EC0-301F-11D3-BF4B-00C04F79EFBC}") = "HoloPark", "HoloPark.csproj", "{623028E4-863E-75AD-25AB-CEA0D08DF66C}"
EndProject
Project("{FAE04EC0-301F-11D3-BF4B-00C04F79EFBC}") = "HoloPark.Editor", "HoloPark.Editor.csproj", "{194BD507-BDE5-CDB4-A3C9-9636DAB4E65D}"
EndProject
Global
	GlobalSection(SolutionConfigurationPlatforms) = preSolution
		Debug|Any CPU = Debug|Any CPU
		Release|Any CPU = Release|Any CPU
	EndGlobalSection
	GlobalSection(ProjectConfigurationPlatforms) = postSolution
		{623028E4-863E-75AD-25AB-CEA0D08DF66C}.Debug|Any CPU.ActiveCfg = Debug|Any CPU
		{623028E4-863E-75AD-25AB-CEA0D08DF66C}.Debug|Any CPU.Build.0 = Debug|Any CPU
		{623028E4-863E-75AD-25AB-CEA0D08DF66C}.Release|Any CPU.ActiveCfg = Release|Any CPU
		{623028E4-863E-75AD-25AB-CEA0D08DF66C}.Release|Any CPU.Build.0 = Release|Any CPU
		{194BD507-BDE5-CDB4-A3C9-9636DAB4E65D}.Debug|Any CPU.ActiveCfg = Debug|Any CPU
		{194BD507-BDE5-CDB4-A3C9-9636DAB4E65D}.Debug|Any CPU.Build.0 = Debug|Any CPU
		{194BD507-BDE5-CDB4-A3C9-9636DAB4E65D}.Release|Any CPU.ActiveCfg = Release|Any CPU
		{194BD507-BDE5-CDB4-A3C9-9636DAB4E65D}.Release|Any CPU.Build.0 = Release|Any CPU
	EndGlobalSection
	GlobalSection(SolutionProperties) = preSolution
		HideSolutionNode = FALSE
	EndGlobalSection
EndGlobal
